# @generated by Move, please check-in and do not edit manually.

[move]
version = 3
manifest_digest = "812BCF46C29CF83CDE9BE014CC31DF6FAB0FD5AEF9D3C17B3A6B9BDD37E3803E"
deps_digest = "3C4103934B1E040BB6B23F1D610B4EF9F2F1166A50A104EADCF77467C004C600"
dependencies = [
  { id = "Sui", name = "Sui" },
  { id = "btcrelay", name = "btcrelay" },
]

[[move.package]]
id = "MoveStdlib"
source = { git = "https://github.com/MystenLabs/sui.git", rev = "framework/testnet", subdir = "crates\\sui-framework\\packages\\move-stdlib" }

[[move.package]]
id = "Sui"
source = { git = "https://github.com/MystenLabs/sui.git", rev = "framework/testnet", subdir = "crates/sui-framework/packages/sui-framework" }

dependencies = [
  { id = "MoveStdlib", name = "MoveStdlib" },
]

[[move.package]]
id = "btcrelay"
source = { local = "..\\btcrelay-package" }

dependencies = [
  { id = "Sui", name = "Sui" },
]

[move.toolchain-version]
compiler-version = "1.51.2"
edition = "2024"
flavor = "sui"
